
Microsoft Visual Studio Solution File, Format Version 12.00
# Visual Studio Version 17
VisualStudioVersion = 17.2.32519.379
MinimumVisualStudioVersion = 15.0.26124.0
Project("{2150E333-8FDC-42A3-9474-1A3956D46DE8}") = "ImageSharp", "ImageSharp", "{CA7BA24E-2681-4ECF-93FB-404D9505D25F}"
	ProjectSection(SolutionItems) = preProject
		ImageSharp\README.md = ImageSharp\README.md
	EndProjectSection
EndProject
Project("{9A19103F-16F7-4668-BE54-9A1E7A4F7556}") = "AvatarWithRoundedCorner", "ImageSharp\AvatarWithRoundedCorner\AvatarWithRoundedCorner.csproj", "{88E0D474-46DC-467D-9A26-344C0A07A57F}"
EndProject
Project("{9A19103F-16F7-4668-BE54-9A1E7A4F7556}") = "ChangeDefaultEncoderOptions", "ImageSharp\ChangeDefaultEncoderOptions\ChangeDefaultEncoderOptions.csproj", "{2109EB6C-8B30-4690-8D0C-D3330F323845}"
EndProject
Project("{9A19103F-16F7-4668-BE54-9A1E7A4F7556}") = "DrawingTextAlongAPath", "ImageSharp\DrawingTextAlongAPath\DrawingTextAlongAPath.csproj", "{36D61416-9E5C-49AD-8F47-6AD28330E7A1}"
EndProject
Project("{9A19103F-16F7-4668-BE54-9A1E7A4F7556}") = "DrawWaterMarkOnImage", "ImageSharp\DrawWaterMarkOnImage\DrawWaterMarkOnImage.csproj", "{DAFA5B71-1519-42CC-ACA4-77B01288EB1F}"
EndProject
Project("{9A19103F-16F7-4668-BE54-9A1E7A4F7556}") = "ResizeImage", "ImageSharp\ResizeImage\ResizeImage.csproj", "{173903CD-07DB-4E23-91B9-4107F319A7CA}"
EndProject
Project("{778DAE3C-4631-46EA-AA77-85C1314464D9}") = "ResizeImageVB", "ImageSharp\ResizeImageVB\ResizeImageVB.vbproj", "{5BD7AD82-F99B-44D0-8B14-46B00CFF37FF}"
EndProject
Project("{9A19103F-16F7-4668-BE54-9A1E7A4F7556}") = "ApplyEffectInsideShape", "ImageSharp\ApplyEffectInsideShape\ApplyEffectInsideShape.csproj", "{7612FC88-232B-408C-9F5B-3B6C9726BCD8}"
EndProject
Project("{9A19103F-16F7-4668-BE54-9A1E7A4F7556}") = "RenderQRCode", "ImageSharp\RenderQRCode\RenderQRCode.csproj", "{1E3CB608-7481-4FE1-BB84-B3FFCC1F9A68}"
EndProject
Global
	GlobalSection(SolutionConfigurationPlatforms) = preSolution
		Debug|Any CPU = Debug|Any CPU
		Release|Any CPU = Release|Any CPU
	EndGlobalSection
	GlobalSection(ProjectConfigurationPlatforms) = postSolution
		{88E0D474-46DC-467D-9A26-344C0A07A57F}.Debug|Any CPU.ActiveCfg = Debug|Any CPU
		{88E0D474-46DC-467D-9A26-344C0A07A57F}.Debug|Any CPU.Build.0 = Debug|Any CPU
		{88E0D474-46DC-467D-9A26-344C0A07A57F}.Release|Any CPU.ActiveCfg = Release|Any CPU
		{88E0D474-46DC-467D-9A26-344C0A07A57F}.Release|Any CPU.Build.0 = Release|Any CPU
		{2109EB6C-8B30-4690-8D0C-D3330F323845}.Debug|Any CPU.ActiveCfg = Debug|Any CPU
		{2109EB6C-8B30-4690-8D0C-D3330F323845}.Debug|Any CPU.Build.0 = Debug|Any CPU
		{2109EB6C-8B30-4690-8D0C-D3330F323845}.Release|Any CPU.ActiveCfg = Release|Any CPU
		{2109EB6C-8B30-4690-8D0C-D3330F323845}.Release|Any CPU.Build.0 = Release|Any CPU
		{36D61416-9E5C-49AD-8F47-6AD28330E7A1}.Debug|Any CPU.ActiveCfg = Debug|Any CPU
		{36D61416-9E5C-49AD-8F47-6AD28330E7A1}.Debug|Any CPU.Build.0 = Debug|Any CPU
		{36D61416-9E5C-49AD-8F47-6AD28330E7A1}.Release|Any CPU.ActiveCfg = Release|Any CPU
		{36D61416-9E5C-49AD-8F47-6AD28330E7A1}.Release|Any CPU.Build.0 = Release|Any CPU
		{DAFA5B71-1519-42CC-ACA4-77B01288EB1F}.Debug|Any CPU.ActiveCfg = Debug|Any CPU
		{DAFA5B71-1519-42CC-ACA4-77B01288EB1F}.Debug|Any CPU.Build.0 = Debug|Any CPU
		{DAFA5B71-1519-42CC-ACA4-77B01288EB1F}.Release|Any CPU.ActiveCfg = Release|Any CPU
		{DAFA5B71-1519-42CC-ACA4-77B01288EB1F}.Release|Any CPU.Build.0 = Release|Any CPU
		{173903CD-07DB-4E23-91B9-4107F319A7CA}.Debug|Any CPU.ActiveCfg = Debug|Any CPU
		{173903CD-07DB-4E23-91B9-4107F319A7CA}.Debug|Any CPU.Build.0 = Debug|Any CPU
		{173903CD-07DB-4E23-91B9-4107F319A7CA}.Release|Any CPU.ActiveCfg = Release|Any CPU
		{173903CD-07DB-4E23-91B9-4107F319A7CA}.Release|Any CPU.Build.0 = Release|Any CPU
		{5BD7AD82-F99B-44D0-8B14-46B00CFF37FF}.Debug|Any CPU.ActiveCfg = Debug|Any CPU
		{5BD7AD82-F99B-44D0-8B14-46B00CFF37FF}.Debug|Any CPU.Build.0 = Debug|Any CPU
		{5BD7AD82-F99B-44D0-8B14-46B00CFF37FF}.Release|Any CPU.ActiveCfg = Release|Any CPU
		{5BD7AD82-F99B-44D0-8B14-46B00CFF37FF}.Release|Any CPU.Build.0 = Release|Any CPU
		{7612FC88-232B-408C-9F5B-3B6C9726BCD8}.Debug|Any CPU.ActiveCfg = Debug|Any CPU
		{7612FC88-232B-408C-9F5B-3B6C9726BCD8}.Debug|Any CPU.Build.0 = Debug|Any CPU
		{7612FC88-232B-408C-9F5B-3B6C9726BCD8}.Release|Any CPU.ActiveCfg = Release|Any CPU
		{7612FC88-232B-408C-9F5B-3B6C9726BCD8}.Release|Any CPU.Build.0 = Release|Any CPU
		{1E3CB608-7481-4FE1-BB84-B3FFCC1F9A68}.Debug|Any CPU.ActiveCfg = Debug|Any CPU
		{1E3CB608-7481-4FE1-BB84-B3FFCC1F9A68}.Debug|Any CPU.Build.0 = Debug|Any CPU
		{1E3CB608-7481-4FE1-BB84-B3FFCC1F9A68}.Release|Any CPU.ActiveCfg = Release|Any CPU
		{1E3CB608-7481-4FE1-BB84-B3FFCC1F9A68}.Release|Any CPU.Build.0 = Release|Any CPU
	EndGlobalSection
	GlobalSection(SolutionProperties) = preSolution
		HideSolutionNode = FALSE
	EndGlobalSection
	GlobalSection(NestedProjects) = preSolution
		{88E0D474-46DC-467D-9A26-344C0A07A57F} = {CA7BA24E-2681-4ECF-93FB-404D9505D25F}
		{2109EB6C-8B30-4690-8D0C-D3330F323845} = {CA7BA24E-2681-4ECF-93FB-404D9505D25F}
		{36D61416-9E5C-49AD-8F47-6AD28330E7A1} = {CA7BA24E-2681-4ECF-93FB-404D9505D25F}
		{DAFA5B71-1519-42CC-ACA4-77B01288EB1F} = {CA7BA24E-2681-4ECF-93FB-404D9505D25F}
		{173903CD-07DB-4E23-91B9-4107F319A7CA} = {CA7BA24E-2681-4ECF-93FB-404D9505D25F}
		{5BD7AD82-F99B-44D0-8B14-46B00CFF37FF} = {CA7BA24E-2681-4ECF-93FB-404D9505D25F}
		{7612FC88-232B-408C-9F5B-3B6C9726BCD8} = {CA7BA24E-2681-4ECF-93FB-404D9505D25F}
		{1E3CB608-7481-4FE1-BB84-B3FFCC1F9A68} = {CA7BA24E-2681-4ECF-93FB-404D9505D25F}
	EndGlobalSection
	GlobalSection(ExtensibilityGlobals) = postSolution
		SolutionGuid = {7830D804-EBC6-48A3-9189-BA0B67811CEA}
	EndGlobalSection
EndGlobal
